
Microsoft Visual Studio Solution File, Format Version 12.00
# Visual Studio 15
Project("{FAE04EC0-301F-11D3-BF4B-00C04F79EFBC}") = "Assembly-CSharp", "Assembly-CSharp.csproj", "{2E948A50-2F25-9F43-FF1C-5F235FB0A7AD}"
EndProject
Global
	GlobalSection(SolutionConfigurationPlatforms) = preSolution
		Debug|Any CPU = Debug|Any CPU
		Release|Any CPU = Release|Any CPU
	EndGlobalSection
	GlobalSection(ProjectConfigurationPlatforms) = postSolution
		{2E948A50-2F25-9F43-FF1C-5F235FB0A7AD}.Debug|Any CPU.ActiveCfg = Debug|Any CPU
		{2E948A50-2F25-9F43-FF1C-5F235FB0A7AD}.Debug|Any CPU.Build.0 = Debug|Any CPU
		{2E948A50-2F25-9F43-FF1C-5F235FB0A7AD}.Release|Any CPU.ActiveCfg = Release|Any CPU
		{2E948A50-2F25-9F43-FF1C-5F235FB0A7AD}.Release|Any CPU.Build.0 = Release|Any CPU
	EndGlobalSection
	GlobalSection(SolutionProperties) = preSolution
		HideSolutionNode = FALSE
	EndGlobalSection
EndGlobal
